uuid: 6eab1d20-c93a-4708-9d81-58b6a4f8a709
langcode: en
status: true
dependencies:
  content:
    - 'block_content:basic:e9386a0b-1a83-410f-a20b-fc0e61e6b7f8'
  module:
    - block_content
  theme:
    - hy_rd
id: hylogoblock
theme: hy_rd
region: header_left
weight: 0
provider: null
plugin: 'block_content:e9386a0b-1a83-410f-a20b-fc0e61e6b7f8'
settings:
  id: 'block_content:e9386a0b-1a83-410f-a20b-fc0e61e6b7f8'
  label: 'Hy - logo block'
  provider: block_content
  label_display: '0'
  status: true
  info: ''
  view_mode: full
visibility: {  }
